// !$*UTF8*$!
{
	archiveVersion = 1;
	classes = {
	};
	objectVersion = 56;
	objects = {

/* Begin PBXBuildFile section */
		1C0856EEB4F8CAA4165D6AEB /* Battle/BattleSim.swift in Sources */ = {isa = PBXBuildFile; fileRef = 3EE92FA14D83BB850AFA77A3 /* Battle/BattleSim.swift */; };
		11D58FCB5A52135D21302726 /* Battle/BattleTypes.swift in Sources */ = {isa = PBXBuildFile; fileRef = 5303D21D47E9DE7BD1BF009E /* Battle/BattleTypes.swift */; };
		3F3A4EEA113C10AFE752689F /* Battle/EnemyGenerator.swift in Sources */ = {isa = PBXBuildFile; fileRef = 61412E1D7AA8A8530DC9C465 /* Battle/EnemyGenerator.swift */; };
		AE139403E27C49590BCC8A08 /* Model/Buildings.swift in Sources */ = {isa = PBXBuildFile; fileRef = 92B7CF28FE9AC9D4DADB5083 /* Model/Buildings.swift */; };
		FC11C816C1745B054C07CF7F /* Model/Resource.swift in Sources */ = {isa = PBXBuildFile; fileRef = C0334BEA12A9A595F6F1FAE7 /* Model/Resource.swift */; };
		CDE0F221FB1894D4A4659065 /* Model/Units.swift in Sources */ = {isa = PBXBuildFile; fileRef = 28655A2B490642D327240EB5 /* Model/Units.swift */; };
		53DAD5457381E4A1976CC487 /* State/GameEvents.swift in Sources */ = {isa = PBXBuildFile; fileRef = BA6758CDD5C3FFC7758B41AA /* State/GameEvents.swift */; };
		0B938DD202E3234B283A266C /* State/GameState.swift in Sources */ = {isa = PBXBuildFile; fileRef = D8622CA10CEC1FD3B9B9201E /* State/GameState.swift */; };
		F06FC4346D664653D79316AF /* Support/RNG.swift in Sources */ = {isa = PBXBuildFile; fileRef = 75517F0E978B565BD51FF1C5 /* Support/RNG.swift */; };
		8A53E440A97073B9148A563D /* Support/V2.swift in Sources */ = {isa = PBXBuildFile; fileRef = 1C83233794D681D50C72CF19 /* Support/V2.swift */; };
		FDBCE3618881CFA6CC2F4CB5 /* Assets.swift in Sources */ = {isa = PBXBuildFile; fileRef = FF373B2FBDBA7E21C9456FB8 /* Assets.swift */; };
		B85CE410A61D0BA5FA34E6B3 /* CatClansApp.swift in Sources */ = {isa = PBXBuildFile; fileRef = 07ED735C7C0BBF6F0CF10BA1 /* CatClansApp.swift */; };
		C4AEA80B734F61E130B50001 /* GameStore.swift in Sources */ = {isa = PBXBuildFile; fileRef = 057554AD7A2279E6F7F28B5E /* GameStore.swift */; };
		7B13E4A9B3B57D891FD4419A /* Theme.swift in Sources */ = {isa = PBXBuildFile; fileRef = BF5DA350BB561C7617A61AB4 /* Theme.swift */; };
		E6D3AEEAD22CF0DD2E5D2959 /* Views/ArmyPanel.swift in Sources */ = {isa = PBXBuildFile; fileRef = AB5A5D3B633EBE9E9398C683 /* Views/ArmyPanel.swift */; };
		875D522EFC6FCE66A11D92CE /* Views/AttackView.swift in Sources */ = {isa = PBXBuildFile; fileRef = 46518A850C74D699E332B70A /* Views/AttackView.swift */; };
		D15B344F31B394DB3664E603 /* Views/BattleView.swift in Sources */ = {isa = PBXBuildFile; fileRef = 1C697445FE2311FA1340E6E1 /* Views/BattleView.swift */; };
		D56CC114010F0335707CFF04 /* Views/BuildSheet.swift in Sources */ = {isa = PBXBuildFile; fileRef = DAAB9F613D9D0CBE804D546B /* Views/BuildSheet.swift */; };
		01C7C0015A37F39010E79AAE /* Views/BuildingActionPanel.swift in Sources */ = {isa = PBXBuildFile; fileRef = 3FEC57C7DB4441C7D44AB31E /* Views/BuildingActionPanel.swift */; };
		23E8DD6908FFBA7A238580AC /* Views/GameHUD.swift in Sources */ = {isa = PBXBuildFile; fileRef = 5FEDB910C5E6F3C3C5B5E94D /* Views/GameHUD.swift */; };
		68B5803B65C353741970E1B6 /* Views/ResourceHUD.swift in Sources */ = {isa = PBXBuildFile; fileRef = FCB0FE46BCE135A8B5C2C6AA /* Views/ResourceHUD.swift */; };
		5C582C3EBD104E763F70C71A /* Views/ResultView.swift in Sources */ = {isa = PBXBuildFile; fileRef = 4A611BD5EE83B48574287BFD /* Views/ResultView.swift */; };
		F4776B9650DF4D06E4B44158 /* Views/SettingsView.swift in Sources */ = {isa = PBXBuildFile; fileRef = BA2A82D69F24F78E5AB5340F /* Views/SettingsView.swift */; };
		64B111259950DE022FB34A13 /* Views/VillageMap.swift in Sources */ = {isa = PBXBuildFile; fileRef = C261F890D1ACF9C6ACEB429F /* Views/VillageMap.swift */; };
		4D05243BC5777190FF1C05C8 /* Views/VillageView.swift in Sources */ = {isa = PBXBuildFile; fileRef = FE854989F242745CBE2AF48D /* Views/VillageView.swift */; };
		04DDB7964F779966617D4790 /* Assets.xcassets in Resources */ = {isa = PBXBuildFile; fileRef = B9C04B235F3960D407DED90F /* Assets.xcassets */; };
/* End PBXBuildFile section */

/* Begin PBXFileReference section */
		3EE92FA14D83BB850AFA77A3 /* Battle/BattleSim.swift */ = {isa = PBXFileReference; lastKnownFileType = sourcecode.swift; path = Battle/BattleSim.swift; sourceTree = "<group>"; };
		5303D21D47E9DE7BD1BF009E /* Battle/BattleTypes.swift */ = {isa = PBXFileReference; lastKnownFileType = sourcecode.swift; path = Battle/BattleTypes.swift; sourceTree = "<group>"; };
		61412E1D7AA8A8530DC9C465 /* Battle/EnemyGenerator.swift */ = {isa = PBXFileReference; lastKnownFileType = sourcecode.swift; path = Battle/EnemyGenerator.swift; sourceTree = "<group>"; };
		92B7CF28FE9AC9D4DADB5083 /* Model/Buildings.swift */ = {isa = PBXFileReference; lastKnownFileType = sourcecode.swift; path = Model/Buildings.swift; sourceTree = "<group>"; };
		C0334BEA12A9A595F6F1FAE7 /* Model/Resource.swift */ = {isa = PBXFileReference; lastKnownFileType = sourcecode.swift; path = Model/Resource.swift; sourceTree = "<group>"; };
		28655A2B490642D327240EB5 /* Model/Units.swift */ = {isa = PBXFileReference; lastKnownFileType = sourcecode.swift; path = Model/Units.swift; sourceTree = "<group>"; };
		BA6758CDD5C3FFC7758B41AA /* State/GameEvents.swift */ = {isa = PBXFileReference; lastKnownFileType = sourcecode.swift; path = State/GameEvents.swift; sourceTree = "<group>"; };
		D8622CA10CEC1FD3B9B9201E /* State/GameState.swift */ = {isa = PBXFileReference; lastKnownFileType = sourcecode.swift; path = State/GameState.swift; sourceTree = "<group>"; };
		75517F0E978B565BD51FF1C5 /* Support/RNG.swift */ = {isa = PBXFileReference; lastKnownFileType = sourcecode.swift; path = Support/RNG.swift; sourceTree = "<group>"; };
		1C83233794D681D50C72CF19 /* Support/V2.swift */ = {isa = PBXFileReference; lastKnownFileType = sourcecode.swift; path = Support/V2.swift; sourceTree = "<group>"; };
		FF373B2FBDBA7E21C9456FB8 /* Assets.swift */ = {isa = PBXFileReference; lastKnownFileType = sourcecode.swift; path = Assets.swift; sourceTree = "<group>"; };
		07ED735C7C0BBF6F0CF10BA1 /* CatClansApp.swift */ = {isa = PBXFileReference; lastKnownFileType = sourcecode.swift; path = CatClansApp.swift; sourceTree = "<group>"; };
		057554AD7A2279E6F7F28B5E /* GameStore.swift */ = {isa = PBXFileReference; lastKnownFileType = sourcecode.swift; path = GameStore.swift; sourceTree = "<group>"; };
		BF5DA350BB561C7617A61AB4 /* Theme.swift */ = {isa = PBXFileReference; lastKnownFileType = sourcecode.swift; path = Theme.swift; sourceTree = "<group>"; };
		AB5A5D3B633EBE9E9398C683 /* Views/ArmyPanel.swift */ = {isa = PBXFileReference; lastKnownFileType = sourcecode.swift; path = Views/ArmyPanel.swift; sourceTree = "<group>"; };
		46518A850C74D699E332B70A /* Views/AttackView.swift */ = {isa = PBXFileReference; lastKnownFileType = sourcecode.swift; path = Views/AttackView.swift; sourceTree = "<group>"; };
		1C697445FE2311FA1340E6E1 /* Views/BattleView.swift */ = {isa = PBXFileReference; lastKnownFileType = sourcecode.swift; path = Views/BattleView.swift; sourceTree = "<group>"; };
		DAAB9F613D9D0CBE804D546B /* Views/BuildSheet.swift */ = {isa = PBXFileReference; lastKnownFileType = sourcecode.swift; path = Views/BuildSheet.swift; sourceTree = "<group>"; };
		3FEC57C7DB4441C7D44AB31E /* Views/BuildingActionPanel.swift */ = {isa = PBXFileReference; lastKnownFileType = sourcecode.swift; path = Views/BuildingActionPanel.swift; sourceTree = "<group>"; };
		5FEDB910C5E6F3C3C5B5E94D /* Views/GameHUD.swift */ = {isa = PBXFileReference; lastKnownFileType = sourcecode.swift; path = Views/GameHUD.swift; sourceTree = "<group>"; };
		FCB0FE46BCE135A8B5C2C6AA /* Views/ResourceHUD.swift */ = {isa = PBXFileReference; lastKnownFileType = sourcecode.swift; path = Views/ResourceHUD.swift; sourceTree = "<group>"; };
		4A611BD5EE83B48574287BFD /* Views/ResultView.swift */ = {isa = PBXFileReference; lastKnownFileType = sourcecode.swift; path = Views/ResultView.swift; sourceTree = "<group>"; };
		BA2A82D69F24F78E5AB5340F /* Views/SettingsView.swift */ = {isa = PBXFileReference; lastKnownFileType = sourcecode.swift; path = Views/SettingsView.swift; sourceTree = "<group>"; };
		C261F890D1ACF9C6ACEB429F /* Views/VillageMap.swift */ = {isa = PBXFileReference; lastKnownFileType = sourcecode.swift; path = Views/VillageMap.swift; sourceTree = "<group>"; };
		FE854989F242745CBE2AF48D /* Views/VillageView.swift */ = {isa = PBXFileReference; lastKnownFileType = sourcecode.swift; path = Views/VillageView.swift; sourceTree = "<group>"; };
		B9C04B235F3960D407DED90F /* Assets.xcassets */ = {isa = PBXFileReference; lastKnownFileType = folder.assetcatalog; path = Assets.xcassets; sourceTree = "<group>"; };
		B53E282FB3F4D0A6121F807B /* Info.plist */ = {isa = PBXFileReference; lastKnownFileType = text.plist.xml; path = Info.plist; sourceTree = "<group>"; };
		A0DFE197EF9F16D3C6BD7871 /* CatClans.app */ = {isa = PBXFileReference; explicitFileType = wrapper.application; includeInIndex = 0; path = CatClans.app; sourceTree = BUILT_PRODUCTS_DIR; };
/* End PBXFileReference section */

/* Begin PBXFrameworksBuildPhase section */
		CF5BDB0BEAFE176F9629192A /* Frameworks */ = {
			isa = PBXFrameworksBuildPhase;
			buildActionMask = 2147483647;
			files = (
			);
			runOnlyForDeploymentPostprocessing = 0;
		};
/* End PBXFrameworksBuildPhase section */

/* Begin PBXResourcesBuildPhase section */
		C02F1309AF4906C92F1EAD44 /* Resources */ = {
			isa = PBXResourcesBuildPhase;
			buildActionMask = 2147483647;
			files = (
				04DDB7964F779966617D4790 /* Assets.xcassets in Resources */,
			);
			runOnlyForDeploymentPostprocessing = 0;
		};
/* End PBXResourcesBuildPhase section */

/* Begin PBXGroup section */
		F7D860F4F0BF46768E6571DC = {
			isa = PBXGroup;
			children = (
				85E9464D5523F1745FEA4B0E /* Sources */,
				8E36AD4EA13B164605912D26 /* CatClansApp */,
				555BF4C5FCFB42A539E2873D /* Products */,
			);
			sourceTree = "<group>";
		};
		D1A1265A6B5A2D06DE269D9B /* CatClansKit */ = {
			isa = PBXGroup;
			children = (
				3EE92FA14D83BB850AFA77A3 /* Battle/BattleSim.swift */,
				5303D21D47E9DE7BD1BF009E /* Battle/BattleTypes.swift */,
				61412E1D7AA8A8530DC9C465 /* Battle/EnemyGenerator.swift */,
				92B7CF28FE9AC9D4DADB5083 /* Model/Buildings.swift */,
				C0334BEA12A9A595F6F1FAE7 /* Model/Resource.swift */,
				28655A2B490642D327240EB5 /* Model/Units.swift */,
				BA6758CDD5C3FFC7758B41AA /* State/GameEvents.swift */,
				D8622CA10CEC1FD3B9B9201E /* State/GameState.swift */,
				75517F0E978B565BD51FF1C5 /* Support/RNG.swift */,
				1C83233794D681D50C72CF19 /* Support/V2.swift */,
			);
			path = CatClansKit;
			sourceTree = "<group>";
		};
		8E36AD4EA13B164605912D26 /* CatClansApp */ = {
			isa = PBXGroup;
			children = (
				FF373B2FBDBA7E21C9456FB8 /* Assets.swift */,
				07ED735C7C0BBF6F0CF10BA1 /* CatClansApp.swift */,
				057554AD7A2279E6F7F28B5E /* GameStore.swift */,
				BF5DA350BB561C7617A61AB4 /* Theme.swift */,
				AB5A5D3B633EBE9E9398C683 /* Views/ArmyPanel.swift */,
				46518A850C74D699E332B70A /* Views/AttackView.swift */,
				1C697445FE2311FA1340E6E1 /* Views/BattleView.swift */,
				DAAB9F613D9D0CBE804D546B /* Views/BuildSheet.swift */,
				3FEC57C7DB4441C7D44AB31E /* Views/BuildingActionPanel.swift */,
				5FEDB910C5E6F3C3C5B5E94D /* Views/GameHUD.swift */,
				FCB0FE46BCE135A8B5C2C6AA /* Views/ResourceHUD.swift */,
				4A611BD5EE83B48574287BFD /* Views/ResultView.swift */,
				BA2A82D69F24F78E5AB5340F /* Views/SettingsView.swift */,
				C261F890D1ACF9C6ACEB429F /* Views/VillageMap.swift */,
				FE854989F242745CBE2AF48D /* Views/VillageView.swift */,
				B9C04B235F3960D407DED90F /* Assets.xcassets */,
				B53E282FB3F4D0A6121F807B /* Info.plist */,
			);
			path = CatClansApp;
			sourceTree = "<group>";
		};
		85E9464D5523F1745FEA4B0E /* Sources */ = {
			isa = PBXGroup;
			children = (
				D1A1265A6B5A2D06DE269D9B /* CatClansKit */,
			);
			path = Sources;
			sourceTree = "<group>";
		};
		555BF4C5FCFB42A539E2873D /* Products */ = {
			isa = PBXGroup;
			children = (
				A0DFE197EF9F16D3C6BD7871 /* CatClans.app */,
			);
			name = Products;
			sourceTree = "<group>";
		};
/* End PBXGroup section */

/* Begin PBXNativeTarget section */
		29C7B681C8D62CBAC94D51C0 /* CatClans */ = {
			isa = PBXNativeTarget;
			buildConfigurationList = D28A2B497FA98060CD1B56AC /* Build configuration list for PBXNativeTarget "CatClans" */;
			buildPhases = (
				1CDF2F71A52B082132B04DFF /* Sources */,
				CF5BDB0BEAFE176F9629192A /* Frameworks */,
				C02F1309AF4906C92F1EAD44 /* Resources */,
			);
			buildRules = (
			);
			dependencies = (
			);
			name = CatClans;
			productName = CatClans;
			productReference = A0DFE197EF9F16D3C6BD7871 /* CatClans.app */;
			productType = "com.apple.product-type.application";
		};
/* End PBXNativeTarget section */

/* Begin PBXProject section */
		08BC34784011CCC1FC445F33 /* Project object */ = {
			isa = PBXProject;
			attributes = {
				BuildIndependentTargetsInParallel = 1;
				LastSwiftUpdateCheck = 1500;
				LastUpgradeCheck = 1500;
				TargetAttributes = {
					29C7B681C8D62CBAC94D51C0 = {
						CreatedOnToolsVersion = 15.0;
					};
				};
			};
			buildConfigurationList = 3D29D9F3A882C4202964FB56 /* Build configuration list for PBXProject "CatClans" */;
			compatibilityVersion = "Xcode 14.0";
			developmentRegion = en;
			hasScannedForEncodings = 0;
			knownRegions = (
				en,
				Base,
				ru,
			);
			mainGroup = F7D860F4F0BF46768E6571DC;
			productRefGroup = 555BF4C5FCFB42A539E2873D /* Products */;
			projectDirPath = "";
			projectRoot = "";
			targets = (
				29C7B681C8D62CBAC94D51C0 /* CatClans */,
			);
		};
/* End PBXProject section */

/* Begin PBXSourcesBuildPhase section */
		1CDF2F71A52B082132B04DFF /* Sources */ = {
			isa = PBXSourcesBuildPhase;
			buildActionMask = 2147483647;
			files = (
				1C0856EEB4F8CAA4165D6AEB /* Battle/BattleSim.swift in Sources */,
				11D58FCB5A52135D21302726 /* Battle/BattleTypes.swift in Sources */,
				3F3A4EEA113C10AFE752689F /* Battle/EnemyGenerator.swift in Sources */,
				AE139403E27C49590BCC8A08 /* Model/Buildings.swift in Sources */,
				FC11C816C1745B054C07CF7F /* Model/Resource.swift in Sources */,
				CDE0F221FB1894D4A4659065 /* Model/Units.swift in Sources */,
				53DAD5457381E4A1976CC487 /* State/GameEvents.swift in Sources */,
				0B938DD202E3234B283A266C /* State/GameState.swift in Sources */,
				F06FC4346D664653D79316AF /* Support/RNG.swift in Sources */,
				8A53E440A97073B9148A563D /* Support/V2.swift in Sources */,
				FDBCE3618881CFA6CC2F4CB5 /* Assets.swift in Sources */,
				B85CE410A61D0BA5FA34E6B3 /* CatClansApp.swift in Sources */,
				C4AEA80B734F61E130B50001 /* GameStore.swift in Sources */,
				7B13E4A9B3B57D891FD4419A /* Theme.swift in Sources */,
				E6D3AEEAD22CF0DD2E5D2959 /* Views/ArmyPanel.swift in Sources */,
				875D522EFC6FCE66A11D92CE /* Views/AttackView.swift in Sources */,
				D15B344F31B394DB3664E603 /* Views/BattleView.swift in Sources */,
				D56CC114010F0335707CFF04 /* Views/BuildSheet.swift in Sources */,
				01C7C0015A37F39010E79AAE /* Views/BuildingActionPanel.swift in Sources */,
				23E8DD6908FFBA7A238580AC /* Views/GameHUD.swift in Sources */,
				68B5803B65C353741970E1B6 /* Views/ResourceHUD.swift in Sources */,
				5C582C3EBD104E763F70C71A /* Views/ResultView.swift in Sources */,
				F4776B9650DF4D06E4B44158 /* Views/SettingsView.swift in Sources */,
				64B111259950DE022FB34A13 /* Views/VillageMap.swift in Sources */,
				4D05243BC5777190FF1C05C8 /* Views/VillageView.swift in Sources */,
			);
			runOnlyForDeploymentPostprocessing = 0;
		};
/* End PBXSourcesBuildPhase section */

/* Begin XCBuildConfiguration section */
		E3EBCBBFB33611052F1F254E /* Debug */ = {
			isa = XCBuildConfiguration;
			buildSettings = {
				DEBUG_INFORMATION_FORMAT = dwarf;
				ENABLE_TESTABILITY = YES;
				GCC_DYNAMIC_NO_PIC = NO;
				GCC_OPTIMIZATION_LEVEL = 0;
				GCC_PREPROCESSOR_DEFINITIONS = ( "DEBUG=1", "$(inherited)", );
				MTL_ENABLE_DEBUG_INFO = INCLUDE_SOURCE;
				ONLY_ACTIVE_ARCH = YES;
				SWIFT_ACTIVE_COMPILATION_CONDITIONS = DEBUG;
				SWIFT_OPTIMIZATION_LEVEL = "-Onone";
				VALIDATE_PRODUCT = NO;
				ALWAYS_SEARCH_USER_PATHS = NO;
				CLANG_ANALYZER_NONNULL = YES;
				CLANG_ENABLE_MODULES = YES;
				CLANG_ENABLE_OBJC_ARC = YES;
				CLANG_WARN_BOOL_CONVERSION = YES;
				CLANG_WARN_CONSTANT_CONVERSION = YES;
				CLANG_WARN_INT_CONVERSION = YES;
				CLANG_WARN_NULL_DUPLICATE = YES;
				CLANG_WARN_UNREACHABLE_CODE = YES;
				COPY_PHASE_STRIP = NO;
				ENABLE_STRICT_OBJC_MSGSEND = YES;
				GCC_C_LANGUAGE_STANDARD = gnu11;
				GCC_NO_COMMON_BLOCKS = YES;
				IPHONEOS_DEPLOYMENT_TARGET = 15.0;
				MTL_FAST_MATH = YES;
				SDKROOT = iphoneos;
			};
			name = Debug;
		};
		45A51FDE45C8C9313F9CC216 /* Release */ = {
			isa = XCBuildConfiguration;
			buildSettings = {
				DEBUG_INFORMATION_FORMAT = "dwarf-with-dsym";
				ENABLE_NS_ASSERTIONS = NO;
				MTL_ENABLE_DEBUG_INFO = NO;
				SWIFT_COMPILATION_MODE = wholesmodule;
				SWIFT_OPTIMIZATION_LEVEL = "-O";
				VALIDATE_PRODUCT = YES;
				ALWAYS_SEARCH_USER_PATHS = NO;
				CLANG_ANALYZER_NONNULL = YES;
				CLANG_ENABLE_MODULES = YES;
				CLANG_ENABLE_OBJC_ARC = YES;
				CLANG_WARN_BOOL_CONVERSION = YES;
				CLANG_WARN_CONSTANT_CONVERSION = YES;
				CLANG_WARN_INT_CONVERSION = YES;
				CLANG_WARN_NULL_DUPLICATE = YES;
				CLANG_WARN_UNREACHABLE_CODE = YES;
				COPY_PHASE_STRIP = NO;
				ENABLE_STRICT_OBJC_MSGSEND = YES;
				GCC_C_LANGUAGE_STANDARD = gnu11;
				GCC_NO_COMMON_BLOCKS = YES;
				IPHONEOS_DEPLOYMENT_TARGET = 15.0;
				MTL_FAST_MATH = YES;
				SDKROOT = iphoneos;
			};
			name = Release;
		};
		9586E89FBE346731A8FAC1E8 /* Debug */ = {
			isa = XCBuildConfiguration;
			buildSettings = {
				CODE_SIGN_STYLE = Automatic;
				CURRENT_PROJECT_VERSION = 1;
				GENERATE_INFOPLIST_FILE = NO;
				INFOPLIST_FILE = CatClansApp/Info.plist;
				LD_RUNPATH_SEARCH_PATHS = ( "$(inherited)", "@executable_path/Frameworks", );
				MARKETING_VERSION = 0.1.0;
				PRODUCT_BUNDLE_IDENTIFIER = com.katanaban.catclans;
				PRODUCT_NAME = "$(TARGET_NAME)";
				SWIFT_EMIT_LOC_STRINGS = YES;
				SWIFT_VERSION = 5.0;
				TARGETED_DEVICE_FAMILY = "1,2";
			};
			name = Debug;
		};
		C08309BB1D0C93C4165F9DF3 /* Release */ = {
			isa = XCBuildConfiguration;
			buildSettings = {
				CODE_SIGN_STYLE = Automatic;
				CURRENT_PROJECT_VERSION = 1;
				GENERATE_INFOPLIST_FILE = NO;
				INFOPLIST_FILE = CatClansApp/Info.plist;
				LD_RUNPATH_SEARCH_PATHS = ( "$(inherited)", "@executable_path/Frameworks", );
				MARKETING_VERSION = 0.1.0;
				PRODUCT_BUNDLE_IDENTIFIER = com.katanaban.catclans;
				PRODUCT_NAME = "$(TARGET_NAME)";
				SWIFT_EMIT_LOC_STRINGS = YES;
				SWIFT_VERSION = 5.0;
				TARGETED_DEVICE_FAMILY = "1,2";
			};
			name = Release;
		};
/* End XCBuildConfiguration section */

/* Begin XCConfigurationList section */
		3D29D9F3A882C4202964FB56 /* Build configuration list for PBXProject "CatClans" */ = {
			isa = XCConfigurationList;
			buildConfigurations = (
				E3EBCBBFB33611052F1F254E /* Debug */,
				45A51FDE45C8C9313F9CC216 /* Release */,
			);
			defaultConfigurationIsVisible = 0;
			defaultConfigurationName = Release;
		};
		D28A2B497FA98060CD1B56AC /* Build configuration list for PBXNativeTarget "CatClans" */ = {
			isa = XCConfigurationList;
			buildConfigurations = (
				9586E89FBE346731A8FAC1E8 /* Debug */,
				C08309BB1D0C93C4165F9DF3 /* Release */,
			);
			defaultConfigurationIsVisible = 0;
			defaultConfigurationName = Release;
		};
/* End XCConfigurationList section */

	};
	rootObject = 08BC34784011CCC1FC445F33 /* Project object */;
}
